Microsoft Visual Studio Solution File, Format Version 12.00
# Visual Studio 15
VisualStudioVersion = 15.0.27130.2036
MinimumVisualStudioVersion = 15.0.26124.0
Project("{9A19103F-16F7-4668-BE54-9A1E7A4F7556}") = "PartyInvites", "PartyInvites.csproj", "{3C3122B4-1A19-4BC9-BA77-C0AAF0636DFE}"
EndProject
Global
	GlobalSection(SolutionConfigurationPlatforms) = preSolution
		Debug|Any CPU = Debug|Any CPU
		Debug|x64 = Debug|x64
		Debug|x86 = Debug|x86
		Release|Any CPU = Release|Any CPU
		Release|x64 = Release|x64
		Release|x86 = Release|x86
	EndGlobalSection
	GlobalSection(ProjectConfigurationPlatforms) = postSolution
		{3C3122B4-1A19-4BC9-BA77-C0AAF0636DFE}.Debug|Any CPU.ActiveCfg = Debug|Any CPU
		{3C3122B4-1A19-4BC9-BA77-C0AAF0636DFE}.Debug|Any CPU.Build.0 = Debug|Any CPU
		{3C3122B4-1A19-4BC9-BA77-C0AAF0636DFE}.Debug|x64.ActiveCfg = Debug|Any CPU
		{3C3122B4-1A19-4BC9-BA77-C0AAF0636DFE}.Debug|x64.Build.0 = Debug|Any CPU
		{3C3122B4-1A19-4BC9-BA77-C0AAF0636DFE}.Debug|x86.ActiveCfg = Debug|Any CPU
		{3C3122B4-1A19-4BC9-BA77-C0AAF0636DFE}.Debug|x86.Build.0 = Debug|Any CPU
		{3C3122B4-1A19-4BC9-BA77-C0AAF0636DFE}.Release|Any CPU.ActiveCfg = Release|Any CPU
		{3C3122B4-1A19-4BC9-BA77-C0AAF0636DFE}.Release|Any CPU.Build.0 = Release|Any CPU
		{3C3122B4-1A19-4BC9-BA77-C0AAF0636DFE}.Release|x64.ActiveCfg = Release|Any CPU
		{3C3122B4-1A19-4BC9-BA77-C0AAF0636DFE}.Release|x64.Build.0 = Release|Any CPU
		{3C3122B4-1A19-4BC9-BA77-C0AAF0636DFE}.Release|x86.ActiveCfg = Release|Any CPU
		{3C3122B4-1A19-4BC9-BA77-C0AAF0636DFE}.Release|x86.Build.0 = Release|Any CPU
	EndGlobalSection
	GlobalSection(SolutionProperties) = preSolution
		HideSolutionNode = FALSE
	EndGlobalSection
	GlobalSection(ExtensibilityGlobals) = postSolution
		SolutionGuid = {A14223A0-0568-4D41-96AD-06E57CAFCBC0}
	EndGlobalSection
EndGlobal
